
Microsoft Visual Studio Solution File, Format Version 12.00
# Visual Studio Version 17
VisualStudioVersion = 17.4.33213.308
MinimumVisualStudioVersion = 10.0.40219.1
Project("{FAE04EC0-301F-11D3-BF4B-00C04F79EFBC}") = "Messenger.Domain", "Messenger.Domain\Messenger.Domain.csproj", "{521953B1-EA78-4F5B-B8D2-C7E02E8A50ED}"
EndProject
Project("{FAE04EC0-301F-11D3-BF4B-00C04F79EFBC}") = "Messenger.Models", "Messenger.Models\Messenger.Models.csproj", "{704D59C9-DE0C-4835-BC39-E913FA1AE019}"
EndProject
Project("{FAE04EC0-301F-11D3-BF4B-00C04F79EFBC}") = "Messenger.Application", "Messenger.Application\Messenger.Application.csproj", "{B096C547-C91E-4C32-B93E-20491C46DF03}"
EndProject
Project("{FAE04EC0-301F-11D3-BF4B-00C04F79EFBC}") = "Messenger.Database", "Messenger.Database\Messenger.Database.csproj", "{0BDC309D-B56A-47A1-8319-F69E35D9E258}"
EndProject
Global
	GlobalSection(SolutionConfigurationPlatforms) = preSolution
		Debug|Any CPU = Debug|Any CPU
		Release|Any CPU = Release|Any CPU
	EndGlobalSection
	GlobalSection(ProjectConfigurationPlatforms) = postSolution
		{521953B1-EA78-4F5B-B8D2-C7E02E8A50ED}.Debug|Any CPU.ActiveCfg = Debug|Any CPU
		{521953B1-EA78-4F5B-B8D2-C7E02E8A50ED}.Debug|Any CPU.Build.0 = Debug|Any CPU
		{521953B1-EA78-4F5B-B8D2-C7E02E8A50ED}.Release|Any CPU.ActiveCfg = Release|Any CPU
		{521953B1-EA78-4F5B-B8D2-C7E02E8A50ED}.Release|Any CPU.Build.0 = Release|Any CPU
		{704D59C9-DE0C-4835-BC39-E913FA1AE019}.Debug|Any CPU.ActiveCfg = Debug|Any CPU
		{704D59C9-DE0C-4835-BC39-E913FA1AE019}.Debug|Any CPU.Build.0 = Debug|Any CPU
		{704D59C9-DE0C-4835-BC39-E913FA1AE019}.Release|Any CPU.ActiveCfg = Release|Any CPU
		{704D59C9-DE0C-4835-BC39-E913FA1AE019}.Release|Any CPU.Build.0 = Release|Any CPU
		{B096C547-C91E-4C32-B93E-20491C46DF03}.Debug|Any CPU.ActiveCfg = Debug|Any CPU
		{B096C547-C91E-4C32-B93E-20491C46DF03}.Debug|Any CPU.Build.0 = Debug|Any CPU
		{B096C547-C91E-4C32-B93E-20491C46DF03}.Release|Any CPU.ActiveCfg = Release|Any CPU
		{B096C547-C91E-4C32-B93E-20491C46DF03}.Release|Any CPU.Build.0 = Release|Any CPU
		{0BDC309D-B56A-47A1-8319-F69E35D9E258}.Debug|Any CPU.ActiveCfg = Debug|Any CPU
		{0BDC309D-B56A-47A1-8319-F69E35D9E258}.Debug|Any CPU.Build.0 = Debug|Any CPU
		{0BDC309D-B56A-47A1-8319-F69E35D9E258}.Release|Any CPU.ActiveCfg = Release|Any CPU
		{0BDC309D-B56A-47A1-8319-F69E35D9E258}.Release|Any CPU.Build.0 = Release|Any CPU
	EndGlobalSection
	GlobalSection(SolutionProperties) = preSolution
		HideSolutionNode = FALSE
	EndGlobalSection
	GlobalSection(ExtensibilityGlobals) = postSolution
		SolutionGuid = {A789401E-B8C0-451B-90C8-926821070CCF}
	EndGlobalSection
EndGlobal
